// !$*UTF8*$!
{
	archiveVersion = 1;
	classes = {
	};
	objectVersion = 50;
	objects = {

/* Begin PBXBuildFile section */
		FBB0DE592433C0E600DAA5E6 /* AppDelegate.swift in Sources */ = {isa = PBXBuildFile; fileRef = FBB0DE582433C0E600DAA5E6 /* AppDelegate.swift */; };
		FBB0DE5B2433C0E600DAA5E6 /* SceneDelegate.swift in Sources */ = {isa = PBXBuildFile; fileRef = FBB0DE5A2433C0E600DAA5E6 /* SceneDelegate.swift */; };
		FBB0DE5D2433C0E600DAA5E6 /* ViewController.swift in Sources */ = {isa = PBXBuildFile; fileRef = FBB0DE5C2433C0E600DAA5E6 /* ViewController.swift */; };
		FBB0DE602433C0E600DAA5E6 /* Main.storyboard in Resources */ = {isa = PBXBuildFile; fileRef = FBB0DE5E2433C0E600DAA5E6 /* Main.storyboard */; };
		FBB0DE622433C0E800DAA5E6 /* Assets.xcassets in Resources */ = {isa = PBXBuildFile; fileRef = FBB0DE612433C0E800DAA5E6 /* Assets.xcassets */; };
		FBB0DE652433C0E800DAA5E6 /* LaunchScreen.storyboard in Resources */ = {isa = PBXBuildFile; fileRef = FBB0DE632433C0E800DAA5E6 /* LaunchScreen.storyboard */; };
		FBB0DE702433C0E900DAA5E6 /* simple_news_appTests.swift in Sources */ = {isa = PBXBuildFile; fileRef = FBB0DE6F2433C0E900DAA5E6 /* simple_news_appTests.swift */; };
		FBB0DE7B2433C0E900DAA5E6 /* simple_news_appUITests.swift in Sources */ = {isa = PBXBuildFile; fileRef = FBB0DE7A2433C0E900DAA5E6 /* simple_news_appUITests.swift */; };
/* End PBXBuildFile section */

/* Begin PBXContainerItemProxy section */
		FBB0DE6C2433C0E900DAA5E6 /* PBXContainerItemProxy */ = {
			isa = PBXContainerItemProxy;
			containerPortal = FBB0DE4D2433C0E600DAA5E6 /* Project object */;
			proxyType = 1;
			remoteGlobalIDString = FBB0DE542433C0E600DAA5E6;
			remoteInfo = "simple-news-app";
		};
		FBB0DE772433C0E900DAA5E6 /* PBXContainerItemProxy */ = {
			isa = PBXContainerItemProxy;
			containerPortal = FBB0DE4D2433C0E600DAA5E6 /* Project object */;
			proxyType = 1;
			remoteGlobalIDString = FBB0DE542433C0E600DAA5E6;
			remoteInfo = "simple-news-app";
		};
/* End PBXContainerItemProxy section */

/* Begin PBXFileReference section */
		FBB0DE552433C0E600DAA5E6 /* simple-news-app.app */ = {isa = PBXFileReference; explicitFileType = wrapper.application; includeInIndex = 0; path = "simple-news-app.app"; sourceTree = BUILT_PRODUCTS_DIR; };
		FBB0DE582433C0E600DAA5E6 /* AppDelegate.swift */ = {isa = PBXFileReference; lastKnownFileType = sourcecode.swift; path = AppDelegate.swift; sourceTree = "<group>"; };
		FBB0DE5A2433C0E600DAA5E6 /* SceneDelegate.swift */ = {isa = PBXFileReference; lastKnownFileType = sourcecode.swift; path = SceneDelegate.swift; sourceTree = "<group>"; };
		FBB0DE5C2433C0E600DAA5E6 /* ViewController.swift */ = {isa = PBXFileReference; lastKnownFileType = sourcecode.swift; path = ViewController.swift; sourceTree = "<group>"; };
		FBB0DE5F2433C0E600DAA5E6 /* Base */ = {isa = PBXFileReference; lastKnownFileType = file.storyboard; name = Base; path = Base.lproj/Main.storyboard; sourceTree = "<group>"; };
		FBB0DE612433C0E800DAA5E6 /* Assets.xcassets */ = {isa = PBXFileReference; lastKnownFileType = folder.assetcatalog; path = Assets.xcassets; sourceTree = "<group>"; };
		FBB0DE642433C0E800DAA5E6 /* Base */ = {isa = PBXFileReference; lastKnownFileType = file.storyboard; name = Base; path = Base.lproj/LaunchScreen.storyboard; sourceTree = "<group>"; };
		FBB0DE662433C0E800DAA5E6 /* Info.plist */ = {isa = PBXFileReference; lastKnownFileType = text.plist.xml; path = Info.plist; sourceTree = "<group>"; };
		FBB0DE6B2433C0E900DAA5E6 /* simple-news-appTests.xctest */ = {isa = PBXFileReference; explicitFileType = wrapper.cfbundle; includeInIndex = 0; path = "simple-news-appTests.xctest"; sourceTree = BUILT_PRODUCTS_DIR; };
		FBB0DE6F2433C0E900DAA5E6 /* simple_news_appTests.swift */ = {isa = PBXFileReference; lastKnownFileType = sourcecode.swift; path = simple_news_appTests.swift; sourceTree = "<group>"; };
		FBB0DE712433C0E900DAA5E6 /* Info.plist */ = {isa = PBXFileReference; lastKnownFileType = text.plist.xml; path = Info.plist; sourceTree = "<group>"; };
		FBB0DE762433C0E900DAA5E6 /* simple-news-appUITests.xctest */ = {isa = PBXFileReference; explicitFileType = wrapper.cfbundle; includeInIndex = 0; path = "simple-news-appUITests.xctest"; sourceTree = BUILT_PRODUCTS_DIR; };
		FBB0DE7A2433C0E900DAA5E6 /* simple_news_appUITests.swift */ = {isa = PBXFileReference; lastKnownFileType = sourcecode.swift; path = simple_news_appUITests.swift; sourceTree = "<group>"; };
		FBB0DE7C2433C0E900DAA5E6 /* Info.plist */ = {isa = PBXFileReference; lastKnownFileType = text.plist.xml; path = Info.plist; sourceTree = "<group>"; };
/* End PBXFileReference section */

/* Begin PBXFrameworksBuildPhase section */
		FBB0DE522433C0E600DAA5E6 /* Frameworks */ = {
			isa = PBXFrameworksBuildPhase;
			buildActionMask = 2147483647;
			files = (
			);
			runOnlyForDeploymentPostprocessing = 0;
		};
		FBB0DE682433C0E900DAA5E6 /* Frameworks */ = {
			isa = PBXFrameworksBuildPhase;
			buildActionMask = 2147483647;
			files = (
			);
			runOnlyForDeploymentPostprocessing = 0;
		};
		FBB0DE732433C0E900DAA5E6 /* Frameworks */ = {
			isa = PBXFrameworksBuildPhase;
			buildActionMask = 2147483647;
			files = (
			);
			runOnlyForDeploymentPostprocessing = 0;
		};
/* End PBXFrameworksBuildPhase section */

/* Begin PBXGroup section */
		FBB0DE4C2433C0E600DAA5E6 = {
			isa = PBXGroup;
			children = (
				FBB0DE572433C0E600DAA5E6 /* simple-news-app */,
				FBB0DE6E2433C0E900DAA5E6 /* simple-news-appTests */,
				FBB0DE792433C0E900DAA5E6 /* simple-news-appUITests */,
				FBB0DE562433C0E600DAA5E6 /* Products */,
			);
			sourceTree = "<group>";
		};
		FBB0DE562433C0E600DAA5E6 /* Products */ = {
			isa = PBXGroup;
			children = (
				FBB0DE552433C0E600DAA5E6 /* simple-news-app.app */,
				FBB0DE6B2433C0E900DAA5E6 /* simple-news-appTests.xctest */,
				FBB0DE762433C0E900DAA5E6 /* simple-news-appUITests.xctest */,
			);
			name = Products;
			sourceTree = "<group>";
		};
		FBB0DE572433C0E600DAA5E6 /* simple-news-app */ = {
			isa = PBXGroup;
			children = (
				FBB0DE582433C0E600DAA5E6 /* AppDelegate.swift */,
				FBB0DE5A2433C0E600DAA5E6 /* SceneDelegate.swift */,
				FBB0DE5C2433C0E600DAA5E6 /* ViewController.swift */,
				FBB0DE5E2433C0E600DAA5E6 /* Main.storyboard */,
				FBB0DE612433C0E800DAA5E6 /* Assets.xcassets */,
				FBB0DE632433C0E800DAA5E6 /* LaunchScreen.storyboard */,
				FBB0DE662433C0E800DAA5E6 /* Info.plist */,
			);
			path = "simple-news-app";
			sourceTree = "<group>";
		};
		FBB0DE6E2433C0E900DAA5E6 /* simple-news-appTests */ = {
			isa = PBXGroup;
			children = (
				FBB0DE6F2433C0E900DAA5E6 /* simple_news_appTests.swift */,
				FBB0DE712433C0E900DAA5E6 /* Info.plist */,
			);
			path = "simple-news-appTests";
			sourceTree = "<group>";
		};
		FBB0DE792433C0E900DAA5E6 /* simple-news-appUITests */ = {
			isa = PBXGroup;
			children = (
				FBB0DE7A2433C0E900DAA5E6 /* simple_news_appUITests.swift */,
				FBB0DE7C2433C0E900DAA5E6 /* Info.plist */,
			);
			path = "simple-news-appUITests";
			sourceTree = "<group>";
		};
/* End PBXGroup section */

/* Begin PBXNativeTarget section */
		FBB0DE542433C0E600DAA5E6 /* simple-news-app */ = {
			isa = PBXNativeTarget;
			buildConfigurationList = FBB0DE7F2433C0E900DAA5E6 /* Build configuration list for PBXNativeTarget "simple-news-app" */;
			buildPhases = (
				FBB0DE512433C0E600DAA5E6 /* Sources */,
				FBB0DE522433C0E600DAA5E6 /* Frameworks */,
				FBB0DE532433C0E600DAA5E6 /* Resources */,
			);
			buildRules = (
			);
			dependencies = (
			);
			name = "simple-news-app";
			productName = "simple-news-app";
			productReference = FBB0DE552433C0E600DAA5E6 /* simple-news-app.app */;
			productType = "com.apple.product-type.application";
		};
		FBB0DE6A2433C0E900DAA5E6 /* simple-news-appTests */ = {
			isa = PBXNativeTarget;
			buildConfigurationList = FBB0DE822433C0E900DAA5E6 /* Build configuration list for PBXNativeTarget "simple-news-appTests" */;
			buildPhases = (
				FBB0DE672433C0E900DAA5E6 /* Sources */,
				FBB0DE682433C0E900DAA5E6 /* Frameworks */,
				FBB0DE692433C0E900DAA5E6 /* Resources */,
			);
			buildRules = (
			);
			dependencies = (
				FBB0DE6D2433C0E900DAA5E6 /* PBXTargetDependency */,
			);
			name = "simple-news-appTests";
			productName = "simple-news-appTests";
			productReference = FBB0DE6B2433C0E900DAA5E6 /* simple-news-appTests.xctest */;
			productType = "com.apple.product-type.bundle.unit-test";
		};
		FBB0DE752433C0E900DAA5E6 /* simple-news-appUITests */ = {
			isa = PBXNativeTarget;
			buildConfigurationList = FBB0DE852433C0E900DAA5E6 /* Build configuration list for PBXNativeTarget "simple-news-appUITests" */;
			buildPhases = (
				FBB0DE722433C0E900DAA5E6 /* Sources */,
				FBB0DE732433C0E900DAA5E6 /* Frameworks */,
				FBB0DE742433C0E900DAA5E6 /* Resources */,
			);
			buildRules = (
			);
			dependencies = (
				FBB0DE782433C0E900DAA5E6 /* PBXTargetDependency */,
			);
			name = "simple-news-appUITests";
			productName = "simple-news-appUITests";
			productReference = FBB0DE762433C0E900DAA5E6 /* simple-news-appUITests.xctest */;
			productType = "com.apple.product-type.bundle.ui-testing";
		};
/* End PBXNativeTarget section */

/* Begin PBXProject section */
		FBB0DE4D2433C0E600DAA5E6 /* Project object */ = {
			isa = PBXProject;
			attributes = {
				LastSwiftUpdateCheck = 1130;
				LastUpgradeCheck = 1130;
				ORGANIZATIONNAME = "Hamzhya Salsatinnov Hairy";
				TargetAttributes = {
					FBB0DE542433C0E600DAA5E6 = {
						CreatedOnToolsVersion = 11.3.1;
					};
					FBB0DE6A2433C0E900DAA5E6 = {
						CreatedOnToolsVersion = 11.3.1;
						TestTargetID = FBB0DE542433C0E600DAA5E6;
					};
					FBB0DE752433C0E900DAA5E6 = {
						CreatedOnToolsVersion = 11.3.1;
						TestTargetID = FBB0DE542433C0E600DAA5E6;
					};
				};
			};
			buildConfigurationList = FBB0DE502433C0E600DAA5E6 /* Build configuration list for PBXProject "simple-news-app" */;
			compatibilityVersion = "Xcode 9.3";
			developmentRegion = en;
			hasScannedForEncodings = 0;
			knownRegions = (
				en,
				Base,
			);
			mainGroup = FBB0DE4C2433C0E600DAA5E6;
			productRefGroup = FBB0DE562433C0E600DAA5E6 /* Products */;
			projectDirPath = "";
			projectRoot = "";
			targets = (
				FBB0DE542433C0E600DAA5E6 /* simple-news-app */,
				FBB0DE6A2433C0E900DAA5E6 /* simple-news-appTests */,
				FBB0DE752433C0E900DAA5E6 /* simple-news-appUITests */,
			);
		};
/* End PBXProject section */

/* Begin PBXResourcesBuildPhase section */
		FBB0DE532433C0E600DAA5E6 /* Resources */ = {
			isa = PBXResourcesBuildPhase;
			buildActionMask = 2147483647;
			files = (
				FBB0DE652433C0E800DAA5E6 /* LaunchScreen.storyboard in Resources */,
				FBB0DE622433C0E800DAA5E6 /* Assets.xcassets in Resources */,
				FBB0DE602433C0E600DAA5E6 /* Main.storyboard in Resources */,
			);
			runOnlyForDeploymentPostprocessing = 0;
		};
		FBB0DE692433C0E900DAA5E6 /* Resources */ = {
			isa = PBXResourcesBuildPhase;
			buildActionMask = 2147483647;
			files = (
			);
			runOnlyForDeploymentPostprocessing = 0;
		};
		FBB0DE742433C0E900DAA5E6 /* Resources */ = {
			isa = PBXResourcesBuildPhase;
			buildActionMask = 2147483647;
			files = (
			);
			runOnlyForDeploymentPostprocessing = 0;
		};
/* End PBXResourcesBuildPhase section */

/* Begin PBXSourcesBuildPhase section */
		FBB0DE512433C0E600DAA5E6 /* Sources */ = {
			isa = PBXSourcesBuildPhase;
			buildActionMask = 2147483647;
			files = (
				FBB0DE5D2433C0E600DAA5E6 /* ViewController.swift in Sources */,
				FBB0DE592433C0E600DAA5E6 /* AppDelegate.swift in Sources */,
				FBB0DE5B2433C0E600DAA5E6 /* SceneDelegate.swift in Sources */,
			);
			runOnlyForDeploymentPostprocessing = 0;
		};
		FBB0DE672433C0E900DAA5E6 /* Sources */ = {
			isa = PBXSourcesBuildPhase;
			buildActionMask = 2147483647;
			files = (
				FBB0DE702433C0E900DAA5E6 /* simple_news_appTests.swift in Sources */,
			);
			runOnlyForDeploymentPostprocessing = 0;
		};
		FBB0DE722433C0E900DAA5E6 /* Sources */ = {
			isa = PBXSourcesBuildPhase;
			buildActionMask = 2147483647;
			files = (
				FBB0DE7B2433C0E900DAA5E6 /* simple_news_appUITests.swift in Sources */,
			);
			runOnlyForDeploymentPostprocessing = 0;
		};
/* End PBXSourcesBuildPhase section */

/* Begin PBXTargetDependency section */
		FBB0DE6D2433C0E900DAA5E6 /* PBXTargetDependency */ = {
			isa = PBXTargetDependency;
			target = FBB0DE542433C0E600DAA5E6 /* simple-news-app */;
			targetProxy = FBB0DE6C2433C0E900DAA5E6 /* PBXContainerItemProxy */;
		};
		FBB0DE782433C0E900DAA5E6 /* PBXTargetDependency */ = {
			isa = PBXTargetDependency;
			target = FBB0DE542433C0E600DAA5E6 /* simple-news-app */;
			targetProxy = FBB0DE772433C0E900DAA5E6 /* PBXContainerItemProxy */;
		};
/* End PBXTargetDependency section */

/* Begin PBXVariantGroup section */
		FBB0DE5E2433C0E600DAA5E6 /* Main.storyboard */ = {
			isa = PBXVariantGroup;
			children = (
				FBB0DE5F2433C0E600DAA5E6 /* Base */,
			);
			name = Main.storyboard;
			sourceTree = "<group>";
		};
		FBB0DE632433C0E800DAA5E6 /* LaunchScreen.storyboard */ = {
			isa = PBXVariantGroup;
			children = (
				FBB0DE642433C0E800DAA5E6 /* Base */,
			);
			name = LaunchScreen.storyboard;
			sourceTree = "<group>";
		};
/* End PBXVariantGroup section */

/* Begin XCBuildConfiguration section */
		FBB0DE7D2433C0E900DAA5E6 /* Debug */ = {
			isa = XCBuildConfiguration;
			buildSettings = {
				ALWAYS_SEARCH_USER_PATHS = NO;
				CLANG_ANALYZER_NONNULL = YES;
				CLANG_ANALYZER_NUMBER_OBJECT_CONVERSION = YES_AGGRESSIVE;
				CLANG_CXX_LANGUAGE_STANDARD = "gnu++14";
				CLANG_CXX_LIBRARY = "libc++";
				CLANG_ENABLE_MODULES = YES;
				CLANG_ENABLE_OBJC_ARC = YES;
				CLANG_ENABLE_OBJC_WEAK = YES;
				CLANG_WARN_BLOCK_CAPTURE_AUTORELEASING = YES;
				CLANG_WARN_BOOL_CONVERSION = YES;
				CLANG_WARN_COMMA = YES;
				CLANG_WARN_CONSTANT_CONVERSION = YES;
				CLANG_WARN_DEPRECATED_OBJC_IMPLEMENTATIONS = YES;
				CLANG_WARN_DIRECT_OBJC_ISA_USAGE = YES_ERROR;
				CLANG_WARN_DOCUMENTATION_COMMENTS = YES;
				CLANG_WARN_EMPTY_BODY = YES;
				CLANG_WARN_ENUM_CONVERSION = YES;
				CLANG_WARN_INFINITE_RECURSION = YES;
				CLANG_WARN_INT_CONVERSION = YES;
				CLANG_WARN_NON_LITERAL_NULL_CONVERSION = YES;
				CLANG_WARN_OBJC_IMPLICIT_RETAIN_SELF = YES;
				CLANG_WARN_OBJC_LITERAL_CONVERSION = YES;
				CLANG_WARN_OBJC_ROOT_CLASS = YES_ERROR;
				CLANG_WARN_RANGE_LOOP_ANALYSIS = YES;
				CLANG_WARN_STRICT_PROTOTYPES = YES;
				CLANG_WARN_SUSPICIOUS_MOVE = YES;
				CLANG_WARN_UNGUARDED_AVAILABILITY = YES_AGGRESSIVE;
				CLANG_WARN_UNREACHABLE_CODE = YES;
				CLANG_WARN__DUPLICATE_METHOD_MATCH = YES;
				COPY_PHASE_STRIP = NO;
				DEBUG_INFORMATION_FORMAT = dwarf;
				ENABLE_STRICT_OBJC_MSGSEND = YES;
				ENABLE_TESTABILITY = YES;
				GCC_C_LANGUAGE_STANDARD = gnu11;
				GCC_DYNAMIC_NO_PIC = NO;
				GCC_NO_COMMON_BLOCKS = YES;
				GCC_OPTIMIZATION_LEVEL = 0;
				GCC_PREPROCESSOR_DEFINITIONS = (
					"DEBUG=1",
					"$(inherited)",
				);
				GCC_WARN_64_TO_32_BIT_CONVERSION = YES;
				GCC_WARN_ABOUT_RETURN_TYPE = YES_ERROR;
				GCC_WARN_UNDECLARED_SELECTOR = YES;
				GCC_WARN_UNINITIALIZED_AUTOS = YES_AGGRESSIVE;
				GCC_WARN_UNUSED_FUNCTION = YES;
				GCC_WARN_UNUSED_VARIABLE = YES;
				IPHONEOS_DEPLOYMENT_TARGET = 13.2;
				MTL_ENABLE_DEBUG_INFO = INCLUDE_SOURCE;
				MTL_FAST_MATH = YES;
				ONLY_ACTIVE_ARCH = YES;
				SDKROOT = iphoneos;
				SWIFT_ACTIVE_COMPILATION_CONDITIONS = DEBUG;
				SWIFT_OPTIMIZATION_LEVEL = "-Onone";
			};
			name = Debug;
		};
		FBB0DE7E2433C0E900DAA5E6 /* Release */ = {
			isa = XCBuildConfiguration;
			buildSettings = {
				ALWAYS_SEARCH_USER_PATHS = NO;
				CLANG_ANALYZER_NONNULL = YES;
				CLANG_ANALYZER_NUMBER_OBJECT_CONVERSION = YES_AGGRESSIVE;
				CLANG_CXX_LANGUAGE_STANDARD = "gnu++14";
				CLANG_CXX_LIBRARY = "libc++";
				CLANG_ENABLE_MODULES = YES;
				CLANG_ENABLE_OBJC_ARC = YES;
				CLANG_ENABLE_OBJC_WEAK = YES;
				CLANG_WARN_BLOCK_CAPTURE_AUTORELEASING = YES;
				CLANG_WARN_BOOL_CONVERSION = YES;
				CLANG_WARN_COMMA = YES;
				CLANG_WARN_CONSTANT_CONVERSION = YES;
				CLANG_WARN_DEPRECATED_OBJC_IMPLEMENTATIONS = YES;
				CLANG_WARN_DIRECT_OBJC_ISA_USAGE = YES_ERROR;
				CLANG_WARN_DOCUMENTATION_COMMENTS = YES;
				CLANG_WARN_EMPTY_BODY = YES;
				CLANG_WARN_ENUM_CONVERSION = YES;
				CLANG_WARN_INFINITE_RECURSION = YES;
				CLANG_WARN_INT_CONVERSION = YES;
				CLANG_WARN_NON_LITERAL_NULL_CONVERSION = YES;
				CLANG_WARN_OBJC_IMPLICIT_RETAIN_SELF = YES;
				CLANG_WARN_OBJC_LITERAL_CONVERSION = YES;
				CLANG_WARN_OBJC_ROOT_CLASS = YES_ERROR;
				CLANG_WARN_RANGE_LOOP_ANALYSIS = YES;
				CLANG_WARN_STRICT_PROTOTYPES = YES;
				CLANG_WARN_SUSPICIOUS_MOVE = YES;
				CLANG_WARN_UNGUARDED_AVAILABILITY = YES_AGGRESSIVE;
				CLANG_WARN_UNREACHABLE_CODE = YES;
				CLANG_WARN__DUPLICATE_METHOD_MATCH = YES;
				COPY_PHASE_STRIP = NO;
				DEBUG_INFORMATION_FORMAT = "dwarf-with-dsym";
				ENABLE_NS_ASSERTIONS = NO;
				ENABLE_STRICT_OBJC_MSGSEND = YES;
				GCC_C_LANGUAGE_STANDARD = gnu11;
				GCC_NO_COMMON_BLOCKS = YES;
				GCC_WARN_64_TO_32_BIT_CONVERSION = YES;
				GCC_WARN_ABOUT_RETURN_TYPE = YES_ERROR;
				GCC_WARN_UNDECLARED_SELECTOR = YES;
				GCC_WARN_UNINITIALIZED_AUTOS = YES_AGGRESSIVE;
				GCC_WARN_UNUSED_FUNCTION = YES;
				GCC_WARN_UNUSED_VARIABLE = YES;
				IPHONEOS_DEPLOYMENT_TARGET = 13.2;
				MTL_ENABLE_DEBUG_INFO = NO;
				MTL_FAST_MATH = YES;
				SDKROOT = iphoneos;
				SWIFT_COMPILATION_MODE = wholemodule;
				SWIFT_OPTIMIZATION_LEVEL = "-O";
				VALIDATE_PRODUCT = YES;
			};
			name = Release;
		};
		FBB0DE802433C0E900DAA5E6 /* Debug */ = {
			isa = XCBuildConfiguration;
			buildSettings = {
				ASSETCATALOG_COMPILER_APPICON_NAME = AppIcon;
				CODE_SIGN_STYLE = Automatic;
				DEVELOPMENT_TEAM = 45H86B5NLP;
				INFOPLIST_FILE = "simple-news-app/Info.plist";
				LD_RUNPATH_SEARCH_PATHS = (
					"$(inherited)",
					"@executable_path/Frameworks",
				);
				PRODUCT_BUNDLE_IDENTIFIER = "com.hamzhya.simple-news-app";
				PRODUCT_NAME = "$(TARGET_NAME)";
				SWIFT_VERSION = 5.0;
				TARGETED_DEVICE_FAMILY = "1,2";
			};
			name = Debug;
		};
		FBB0DE812433C0E900DAA5E6 /* Release */ = {
			isa = XCBuildConfiguration;
			buildSettings = {
				ASSETCATALOG_COMPILER_APPICON_NAME = AppIcon;
				CODE_SIGN_STYLE = Automatic;
				DEVELOPMENT_TEAM = 45H86B5NLP;
				INFOPLIST_FILE = "simple-news-app/Info.plist";
				LD_RUNPATH_SEARCH_PATHS = (
					"$(inherited)",
					"@executable_path/Frameworks",
				);
				PRODUCT_BUNDLE_IDENTIFIER = "com.hamzhya.simple-news-app";
				PRODUCT_NAME = "$(TARGET_NAME)";
				SWIFT_VERSION = 5.0;
				TARGETED_DEVICE_FAMILY = "1,2";
			};
			name = Release;
		};
		FBB0DE832433C0E900DAA5E6 /* Debug */ = {
			isa = XCBuildConfiguration;
			buildSettings = {
				ALWAYS_EMBED_SWIFT_STANDARD_LIBRARIES = YES;
				BUNDLE_LOADER = "$(TEST_HOST)";
				CODE_SIGN_STYLE = Automatic;
				DEVELOPMENT_TEAM = 45H86B5NLP;
				INFOPLIST_FILE = "simple-news-appTests/Info.plist";
				IPHONEOS_DEPLOYMENT_TARGET = 13.2;
				LD_RUNPATH_SEARCH_PATHS = (
					"$(inherited)",
					"@executable_path/Frameworks",
					"@loader_path/Frameworks",
				);
				PRODUCT_BUNDLE_IDENTIFIER = "com.hamzhya.simple-news-appTests";
				PRODUCT_NAME = "$(TARGET_NAME)";
				SWIFT_VERSION = 5.0;
				TARGETED_DEVICE_FAMILY = "1,2";
				TEST_HOST = "$(BUILT_PRODUCTS_DIR)/simple-news-app.app/simple-news-app";
			};
			name = Debug;
		};
		FBB0DE842433C0E900DAA5E6 /* Release */ = {
			isa = XCBuildConfiguration;
			buildSettings = {
				ALWAYS_EMBED_SWIFT_STANDARD_LIBRARIES = YES;
				BUNDLE_LOADER = "$(TEST_HOST)";
				CODE_SIGN_STYLE = Automatic;
				DEVELOPMENT_TEAM = 45H86B5NLP;
				INFOPLIST_FILE = "simple-news-appTests/Info.plist";
				IPHONEOS_DEPLOYMENT_TARGET = 13.2;
				LD_RUNPATH_SEARCH_PATHS = (
					"$(inherited)",
					"@executable_path/Frameworks",
					"@loader_path/Frameworks",
				);
				PRODUCT_BUNDLE_IDENTIFIER = "com.hamzhya.simple-news-appTests";
				PRODUCT_NAME = "$(TARGET_NAME)";
				SWIFT_VERSION = 5.0;
				TARGETED_DEVICE_FAMILY = "1,2";
				TEST_HOST = "$(BUILT_PRODUCTS_DIR)/simple-news-app.app/simple-news-app";
			};
			name = Release;
		};
		FBB0DE862433C0E900DAA5E6 /* Debug */ = {
			isa = XCBuildConfiguration;
			buildSettings = {
				ALWAYS_EMBED_SWIFT_STANDARD_LIBRARIES = YES;
				CODE_SIGN_STYLE = Automatic;
				DEVELOPMENT_TEAM = 45H86B5NLP;
				INFOPLIST_FILE = "simple-news-appUITests/Info.plist";
				LD_RUNPATH_SEARCH_PATHS = (
					"$(inherited)",
					"@executable_path/Frameworks",
					"@loader_path/Frameworks",
				);
				PRODUCT_BUNDLE_IDENTIFIER = "com.hamzhya.simple-news-appUITests";
				PRODUCT_NAME = "$(TARGET_NAME)";
				SWIFT_VERSION = 5.0;
				TARGETED_DEVICE_FAMILY = "1,2";
				TEST_TARGET_NAME = "simple-news-app";
			};
			name = Debug;
		};
		FBB0DE872433C0E900DAA5E6 /* Release */ = {
			isa = XCBuildConfiguration;
			buildSettings = {
				ALWAYS_EMBED_SWIFT_STANDARD_LIBRARIES = YES;
				CODE_SIGN_STYLE = Automatic;
				DEVELOPMENT_TEAM = 45H86B5NLP;
				INFOPLIST_FILE = "simple-news-appUITests/Info.plist";
				LD_RUNPATH_SEARCH_PATHS = (
					"$(inherited)",
					"@executable_path/Frameworks",
					"@loader_path/Frameworks",
				);
				PRODUCT_BUNDLE_IDENTIFIER = "com.hamzhya.simple-news-appUITests";
				PRODUCT_NAME = "$(TARGET_NAME)";
				SWIFT_VERSION = 5.0;
				TARGETED_DEVICE_FAMILY = "1,2";
				TEST_TARGET_NAME = "simple-news-app";
			};
			name = Release;
		};
/* End XCBuildConfiguration section */

/* Begin XCConfigurationList section */
		FBB0DE502433C0E600DAA5E6 /* Build configuration list for PBXProject "simple-news-app" */ = {
			isa = XCConfigurationList;
			buildConfigurations = (
				FBB0DE7D2433C0E900DAA5E6 /* Debug */,
				FBB0DE7E2433C0E900DAA5E6 /* Release */,
			);
			defaultConfigurationIsVisible = 0;
			defaultConfigurationName = Release;
		};
		FBB0DE7F2433C0E900DAA5E6 /* Build configuration list for PBXNativeTarget "simple-news-app" */ = {
			isa = XCConfigurationList;
			buildConfigurations = (
				FBB0DE802433C0E900DAA5E6 /* Debug */,
				FBB0DE812433C0E900DAA5E6 /* Release */,
			);
			defaultConfigurationIsVisible = 0;
			defaultConfigurationName = Release;
		};
		FBB0DE822433C0E900DAA5E6 /* Build configuration list for PBXNativeTarget "simple-news-appTests" */ = {
			isa = XCConfigurationList;
			buildConfigurations = (
				FBB0DE832433C0E900DAA5E6 /* Debug */,
				FBB0DE842433C0E900DAA5E6 /* Release */,
			);
			defaultConfigurationIsVisible = 0;
			defaultConfigurationName = Release;
		};
		FBB0DE852433C0E900DAA5E6 /* Build configuration list for PBXNativeTarget "simple-news-appUITests" */ = {
			isa = XCConfigurationList;
			buildConfigurations = (
				FBB0DE862433C0E900DAA5E6 /* Debug */,
				FBB0DE872433C0E900DAA5E6 /* Release */,
			);
			defaultConfigurationIsVisible = 0;
			defaultConfigurationName = Release;
		};
/* End XCConfigurationList section */
	};
	rootObject = FBB0DE4D2433C0E600DAA5E6 /* Project object */;
}
